
Microsoft Visual Studio Solution File, Format Version 12.00
# Visual Studio Version 17
VisualStudioVersion = 17.5.002.0
MinimumVisualStudioVersion = 10.0.40219.1
Project("{9A19103F-16F7-4668-BE54-9A1E7A4F7556}") = "StockHub", "api\StockHub.csproj", "{93398B12-8163-486C-BFD3-29578D701A6A}"
EndProject
Project("{9A19103F-16F7-4668-BE54-9A1E7A4F7556}") = "UnitTests", "tests\UnitTests.csproj", "{C2710C54-EAEA-4D6C-8D43-A5329A740FCD}"
EndProject
Project("{FAE04EC0-301F-11D3-BF4B-00C04F79EFBC}") = "UnitTestsDev", "tests-dev\UnitTestsDev.csproj", "{B3B98D03-C607-4DDE-BE7C-92276130F2FE}"
EndProject
Project("{FAE04EC0-301F-11D3-BF4B-00C04F79EFBC}") = "AppHost", "AppHost\AppHost.csproj", "{271A9DF1-9F4B-4401-A05E-1E08A6513AE4}"
EndProject
Project("{FAE04EC0-301F-11D3-BF4B-00C04F79EFBC}") = "ServiceDefaults", "ServiceDefaults\ServiceDefaults.csproj", "{F1662FD4-5B77-4116-B4AB-0CF3F0102411}"
EndProject
Global
	GlobalSection(SolutionConfigurationPlatforms) = preSolution
		Debug|Any CPU = Debug|Any CPU
		Release|Any CPU = Release|Any CPU
	EndGlobalSection
	GlobalSection(ProjectConfigurationPlatforms) = postSolution
		{93398B12-8163-486C-BFD3-29578D701A6A}.Debug|Any CPU.ActiveCfg = Debug|Any CPU
		{93398B12-8163-486C-BFD3-29578D701A6A}.Debug|Any CPU.Build.0 = Debug|Any CPU
		{93398B12-8163-486C-BFD3-29578D701A6A}.Release|Any CPU.ActiveCfg = Release|Any CPU
		{93398B12-8163-486C-BFD3-29578D701A6A}.Release|Any CPU.Build.0 = Release|Any CPU
		{C2710C54-EAEA-4D6C-8D43-A5329A740FCD}.Debug|Any CPU.ActiveCfg = Debug|Any CPU
		{C2710C54-EAEA-4D6C-8D43-A5329A740FCD}.Debug|Any CPU.Build.0 = Debug|Any CPU
		{C2710C54-EAEA-4D6C-8D43-A5329A740FCD}.Release|Any CPU.ActiveCfg = Release|Any CPU
		{C2710C54-EAEA-4D6C-8D43-A5329A740FCD}.Release|Any CPU.Build.0 = Release|Any CPU
		{B3B98D03-C607-4DDE-BE7C-92276130F2FE}.Debug|Any CPU.ActiveCfg = Debug|Any CPU
		{B3B98D03-C607-4DDE-BE7C-92276130F2FE}.Debug|Any CPU.Build.0 = Debug|Any CPU
		{B3B98D03-C607-4DDE-BE7C-92276130F2FE}.Release|Any CPU.ActiveCfg = Release|Any CPU
		{B3B98D03-C607-4DDE-BE7C-92276130F2FE}.Release|Any CPU.Build.0 = Release|Any CPU
		{271A9DF1-9F4B-4401-A05E-1E08A6513AE4}.Debug|Any CPU.ActiveCfg = Debug|Any CPU
		{271A9DF1-9F4B-4401-A05E-1E08A6513AE4}.Debug|Any CPU.Build.0 = Debug|Any CPU
		{271A9DF1-9F4B-4401-A05E-1E08A6513AE4}.Release|Any CPU.ActiveCfg = Release|Any CPU
		{271A9DF1-9F4B-4401-A05E-1E08A6513AE4}.Release|Any CPU.Build.0 = Release|Any CPU
		{F1662FD4-5B77-4116-B4AB-0CF3F0102411}.Debug|Any CPU.ActiveCfg = Debug|Any CPU
		{F1662FD4-5B77-4116-B4AB-0CF3F0102411}.Debug|Any CPU.Build.0 = Debug|Any CPU
		{F1662FD4-5B77-4116-B4AB-0CF3F0102411}.Release|Any CPU.ActiveCfg = Release|Any CPU
		{F1662FD4-5B77-4116-B4AB-0CF3F0102411}.Release|Any CPU.Build.0 = Release|Any CPU
	EndGlobalSection
	GlobalSection(SolutionProperties) = preSolution
		HideSolutionNode = FALSE
	EndGlobalSection
	GlobalSection(ExtensibilityGlobals) = postSolution
		SolutionGuid = {1E7549CD-A9BC-4E55-9A09-C8771D0753DA}
	EndGlobalSection
EndGlobal
